
Microsoft Visual Studio Solution File, Format Version 12.00
# Visual Studio Version 17
VisualStudioVersion = 17.5.33414.496
MinimumVisualStudioVersion = 10.0.40219.1
Project("{9A19103F-16F7-4668-BE54-9A1E7A4F7556}") = "PeachRefunds", "PeachRefunds\PeachRefunds.csproj", "{AA24CC58-CCD0-436F-95FA-1B560CFB8302}"
EndProject
Global
	GlobalSection(SolutionConfigurationPlatforms) = preSolution
		Debug|Any CPU = Debug|Any CPU
		Release|Any CPU = Release|Any CPU
	EndGlobalSection
	GlobalSection(ProjectConfigurationPlatforms) = postSolution
		{AA24CC58-CCD0-436F-95FA-1B560CFB8302}.Debug|Any CPU.ActiveCfg = Debug|Any CPU
		{AA24CC58-CCD0-436F-95FA-1B560CFB8302}.Debug|Any CPU.Build.0 = Debug|Any CPU
		{AA24CC58-CCD0-436F-95FA-1B560CFB8302}.Release|Any CPU.ActiveCfg = Release|Any CPU
		{AA24CC58-CCD0-436F-95FA-1B560CFB8302}.Release|Any CPU.Build.0 = Release|Any CPU
	EndGlobalSection
	GlobalSection(SolutionProperties) = preSolution
		HideSolutionNode = FALSE
	EndGlobalSection
	GlobalSection(ExtensibilityGlobals) = postSolution
		SolutionGuid = {65A7EF6D-5AA1-4991-A0EA-C4E6C8729E6D}
	EndGlobalSection
EndGlobal
